// !$*UTF8*$!
{
	archiveVersion = 1;
	classes = {
	};
	objectVersion = 56;
	objects = {

/* Begin PBXBuildFile section */
		5B1F524D29305E9D004B0EB8 /* GoogleService-Info.plist in Resources */ = {isa = PBXBuildFile; fileRef = 5B1F524C29305E9D004B0EB8 /* GoogleService-Info.plist */; };
		5B1F525029305F0E004B0EB8 /* FirebaseAuth in Frameworks */ = {isa = PBXBuildFile; productRef = 5B1F524F29305F0E004B0EB8 /* FirebaseAuth */; };
		5B1F525229305F0E004B0EB8 /* FirebaseFirestore in Frameworks */ = {isa = PBXBuildFile; productRef = 5B1F525129305F0E004B0EB8 /* FirebaseFirestore */; };
		5B1F525429305F0E004B0EB8 /* FirebaseFirestoreSwift in Frameworks */ = {isa = PBXBuildFile; productRef = 5B1F525329305F0E004B0EB8 /* FirebaseFirestoreSwift */; };
		5B1F525629305F0E004B0EB8 /* FirebaseStorage in Frameworks */ = {isa = PBXBuildFile; productRef = 5B1F525529305F0E004B0EB8 /* FirebaseStorage */; };
		5B1F52582930614E004B0EB8 /* AuthViewModel.swift in Sources */ = {isa = PBXBuildFile; fileRef = 5B1F52572930614E004B0EB8 /* AuthViewModel.swift */; };
		5B1F525A2930A617004B0EB8 /* ProfilePhotoSelectorView.swift in Sources */ = {isa = PBXBuildFile; fileRef = 5B1F52592930A617004B0EB8 /* ProfilePhotoSelectorView.swift */; };
		5B1F525D2930AD54004B0EB8 /* imagePicker.swift in Sources */ = {isa = PBXBuildFile; fileRef = 5B1F525C2930AD54004B0EB8 /* imagePicker.swift */; };
		5B1F525F2930B596004B0EB8 /* ImageUploader.swift in Sources */ = {isa = PBXBuildFile; fileRef = 5B1F525E2930B596004B0EB8 /* ImageUploader.swift */; };
		5B4236EC291D413800F647CD /* TweetFilterViewModel.swift in Sources */ = {isa = PBXBuildFile; fileRef = 5B4236EB291D413800F647CD /* TweetFilterViewModel.swift */; };
		5B4236EF291D49FA00F647CD /* UserRowView.swift in Sources */ = {isa = PBXBuildFile; fileRef = 5B4236EE291D49FA00F647CD /* UserRowView.swift */; };
		5B70CB57293DBDF7008DA2F9 /* UserService.swift in Sources */ = {isa = PBXBuildFile; fileRef = 5B70CB56293DBDF7008DA2F9 /* UserService.swift */; };
		5B70CB59293DC2EF008DA2F9 /* User.swift in Sources */ = {isa = PBXBuildFile; fileRef = 5B70CB58293DC2EF008DA2F9 /* User.swift */; };
		5B70CB5C293DCF71008DA2F9 /* Kingfisher in Frameworks */ = {isa = PBXBuildFile; productRef = 5B70CB5B293DCF71008DA2F9 /* Kingfisher */; };
		5B70CB60293DE396008DA2F9 /* ExploreViewModel.swift in Sources */ = {isa = PBXBuildFile; fileRef = 5B70CB5F293DE396008DA2F9 /* ExploreViewModel.swift */; };
		5B70CB64293DF51A008DA2F9 /* SearchBar.swift in Sources */ = {isa = PBXBuildFile; fileRef = 5B70CB63293DF51A008DA2F9 /* SearchBar.swift */; };
		5B70CB66293DFA7E008DA2F9 /* TweetService.swift in Sources */ = {isa = PBXBuildFile; fileRef = 5B70CB65293DFA7E008DA2F9 /* TweetService.swift */; };
		5B70CB68293E13CF008DA2F9 /* UploadTweetViewModel.swift in Sources */ = {isa = PBXBuildFile; fileRef = 5B70CB67293E13CF008DA2F9 /* UploadTweetViewModel.swift */; };
		5B7EABDC290BA9F30000BCDF /* twitterClone_SwiftUIApp.swift in Sources */ = {isa = PBXBuildFile; fileRef = 5B7EABDB290BA9F30000BCDF /* twitterClone_SwiftUIApp.swift */; };
		5B7EABDE290BA9F30000BCDF /* ContentView.swift in Sources */ = {isa = PBXBuildFile; fileRef = 5B7EABDD290BA9F30000BCDF /* ContentView.swift */; };
		5B7EABE0290BA9F50000BCDF /* Assets.xcassets in Resources */ = {isa = PBXBuildFile; fileRef = 5B7EABDF290BA9F50000BCDF /* Assets.xcassets */; };
		5B7EABE3290BA9F50000BCDF /* Preview Assets.xcassets in Resources */ = {isa = PBXBuildFile; fileRef = 5B7EABE2290BA9F50000BCDF /* Preview Assets.xcassets */; };
		5B7EABF2290BAA9B0000BCDF /* FeedView.swift in Sources */ = {isa = PBXBuildFile; fileRef = 5B7EABF1290BAA9B0000BCDF /* FeedView.swift */; };
		5B7EABF6290BAB950000BCDF /* TweetRowView.swift in Sources */ = {isa = PBXBuildFile; fileRef = 5B7EABF5290BAB950000BCDF /* TweetRowView.swift */; };
		5B7EABF9290C1A060000BCDF /* MainTabView.swift in Sources */ = {isa = PBXBuildFile; fileRef = 5B7EABF8290C1A060000BCDF /* MainTabView.swift */; };
		5B7EAC00290C1AF00000BCDF /* ExploreView.swift in Sources */ = {isa = PBXBuildFile; fileRef = 5B7EABFF290C1AF00000BCDF /* ExploreView.swift */; };
		5B7EAC02290C1B0E0000BCDF /* NotificationView.swift in Sources */ = {isa = PBXBuildFile; fileRef = 5B7EAC01290C1B0E0000BCDF /* NotificationView.swift */; };
		5B7EAC04290C1B330000BCDF /* MessageView.swift in Sources */ = {isa = PBXBuildFile; fileRef = 5B7EAC03290C1B330000BCDF /* MessageView.swift */; };
		5B7EAC08290C1CB50000BCDF /* ProfileView.swift in Sources */ = {isa = PBXBuildFile; fileRef = 5B7EAC07290C1CB50000BCDF /* ProfileView.swift */; };
		5B888ABF291E8697002C7458 /* SideMenuView.swift in Sources */ = {isa = PBXBuildFile; fileRef = 5B888ABE291E8697002C7458 /* SideMenuView.swift */; };
		5B888AC1291E86A8002C7458 /* SideMenuRowView.swift in Sources */ = {isa = PBXBuildFile; fileRef = 5B888AC0291E86A8002C7458 /* SideMenuRowView.swift */; };
		5B888AC3291E86BC002C7458 /* SideMenuViewModel.swift in Sources */ = {isa = PBXBuildFile; fileRef = 5B888AC2291E86BC002C7458 /* SideMenuViewModel.swift */; };
		5B888AC5291E8CEE002C7458 /* UserStatsView.swift in Sources */ = {isa = PBXBuildFile; fileRef = 5B888AC4291E8CEE002C7458 /* UserStatsView.swift */; };
		5BEBC751292A43C100CD6630 /* CustomTextField.swift in Sources */ = {isa = PBXBuildFile; fileRef = 5BEBC750292A43C100CD6630 /* CustomTextField.swift */; };
		5BEBC754292A4F3400CD6630 /* AuthHeaderView.swift in Sources */ = {isa = PBXBuildFile; fileRef = 5BEBC753292A4F3400CD6630 /* AuthHeaderView.swift */; };
		5BECDA08292779150021330F /* NewTweetView.swift in Sources */ = {isa = PBXBuildFile; fileRef = 5BECDA07292779150021330F /* NewTweetView.swift */; };
		5BECDA0A29277FBD0021330F /* TextArea.swift in Sources */ = {isa = PBXBuildFile; fileRef = 5BECDA0929277FBD0021330F /* TextArea.swift */; };
		5BECDA0F2927EBD10021330F /* LoginView.swift in Sources */ = {isa = PBXBuildFile; fileRef = 5BECDA0E2927EBD10021330F /* LoginView.swift */; };
		5BECDA112927EBE20021330F /* RegistrationView.swift in Sources */ = {isa = PBXBuildFile; fileRef = 5BECDA102927EBE20021330F /* RegistrationView.swift */; };
		5BECDA132927ED8E0021330F /* RoundedShape.swift in Sources */ = {isa = PBXBuildFile; fileRef = 5BECDA122927ED8E0021330F /* RoundedShape.swift */; };
/* End PBXBuildFile section */

/* Begin PBXFileReference section */
		5B1F524C29305E9D004B0EB8 /* GoogleService-Info.plist */ = {isa = PBXFileReference; lastKnownFileType = text.plist; path = "GoogleService-Info.plist"; sourceTree = SOURCE_ROOT; };
		5B1F52572930614E004B0EB8 /* AuthViewModel.swift */ = {isa = PBXFileReference; lastKnownFileType = sourcecode.swift; path = AuthViewModel.swift; sourceTree = "<group>"; };
		5B1F52592930A617004B0EB8 /* ProfilePhotoSelectorView.swift */ = {isa = PBXFileReference; lastKnownFileType = sourcecode.swift; path = ProfilePhotoSelectorView.swift; sourceTree = "<group>"; };
		5B1F525C2930AD54004B0EB8 /* imagePicker.swift */ = {isa = PBXFileReference; lastKnownFileType = sourcecode.swift; path = imagePicker.swift; sourceTree = "<group>"; };
		5B1F525E2930B596004B0EB8 /* ImageUploader.swift */ = {isa = PBXFileReference; lastKnownFileType = sourcecode.swift; path = ImageUploader.swift; sourceTree = "<group>"; };
		5B4236EB291D413800F647CD /* TweetFilterViewModel.swift */ = {isa = PBXFileReference; lastKnownFileType = sourcecode.swift; path = TweetFilterViewModel.swift; sourceTree = "<group>"; };
		5B4236EE291D49FA00F647CD /* UserRowView.swift */ = {isa = PBXFileReference; lastKnownFileType = sourcecode.swift; path = UserRowView.swift; sourceTree = "<group>"; };
		5B70CB56293DBDF7008DA2F9 /* UserService.swift */ = {isa = PBXFileReference; lastKnownFileType = sourcecode.swift; path = UserService.swift; sourceTree = "<group>"; };
		5B70CB58293DC2EF008DA2F9 /* User.swift */ = {isa = PBXFileReference; lastKnownFileType = sourcecode.swift; path = User.swift; sourceTree = "<group>"; };
		5B70CB5F293DE396008DA2F9 /* ExploreViewModel.swift */ = {isa = PBXFileReference; lastKnownFileType = sourcecode.swift; path = ExploreViewModel.swift; sourceTree = "<group>"; };
		5B70CB63293DF51A008DA2F9 /* SearchBar.swift */ = {isa = PBXFileReference; lastKnownFileType = sourcecode.swift; path = SearchBar.swift; sourceTree = "<group>"; };
		5B70CB65293DFA7E008DA2F9 /* TweetService.swift */ = {isa = PBXFileReference; lastKnownFileType = sourcecode.swift; path = TweetService.swift; sourceTree = "<group>"; };
		5B70CB67293E13CF008DA2F9 /* UploadTweetViewModel.swift */ = {isa = PBXFileReference; lastKnownFileType = sourcecode.swift; path = UploadTweetViewModel.swift; sourceTree = "<group>"; };
		5B7EABD8290BA9F30000BCDF /* twitterClone_SwiftUI.app */ = {isa = PBXFileReference; explicitFileType = wrapper.application; includeInIndex = 0; path = twitterClone_SwiftUI.app; sourceTree = BUILT_PRODUCTS_DIR; };
		5B7EABDB290BA9F30000BCDF /* twitterClone_SwiftUIApp.swift */ = {isa = PBXFileReference; lastKnownFileType = sourcecode.swift; path = twitterClone_SwiftUIApp.swift; sourceTree = "<group>"; };
		5B7EABDD290BA9F30000BCDF /* ContentView.swift */ = {isa = PBXFileReference; lastKnownFileType = sourcecode.swift; path = ContentView.swift; sourceTree = "<group>"; };
		5B7EABDF290BA9F50000BCDF /* Assets.xcassets */ = {isa = PBXFileReference; lastKnownFileType = folder.assetcatalog; path = Assets.xcassets; sourceTree = "<group>"; };
		5B7EABE2290BA9F50000BCDF /* Preview Assets.xcassets */ = {isa = PBXFileReference; lastKnownFileType = folder.assetcatalog; path = "Preview Assets.xcassets"; sourceTree = "<group>"; };
		5B7EABF1290BAA9B0000BCDF /* FeedView.swift */ = {isa = PBXFileReference; lastKnownFileType = sourcecode.swift; path = FeedView.swift; sourceTree = "<group>"; };
		5B7EABF5290BAB950000BCDF /* TweetRowView.swift */ = {isa = PBXFileReference; lastKnownFileType = sourcecode.swift; path = TweetRowView.swift; sourceTree = "<group>"; };
		5B7EABF8290C1A060000BCDF /* MainTabView.swift */ = {isa = PBXFileReference; lastKnownFileType = sourcecode.swift; path = MainTabView.swift; sourceTree = "<group>"; };
		5B7EABFF290C1AF00000BCDF /* ExploreView.swift */ = {isa = PBXFileReference; lastKnownFileType = sourcecode.swift; path = ExploreView.swift; sourceTree = "<group>"; };
		5B7EAC01290C1B0E0000BCDF /* NotificationView.swift */ = {isa = PBXFileReference; lastKnownFileType = sourcecode.swift; path = NotificationView.swift; sourceTree = "<group>"; };
		5B7EAC03290C1B330000BCDF /* MessageView.swift */ = {isa = PBXFileReference; lastKnownFileType = sourcecode.swift; path = MessageView.swift; sourceTree = "<group>"; };
		5B7EAC07290C1CB50000BCDF /* ProfileView.swift */ = {isa = PBXFileReference; lastKnownFileType = sourcecode.swift; path = ProfileView.swift; sourceTree = "<group>"; };
		5B888ABE291E8697002C7458 /* SideMenuView.swift */ = {isa = PBXFileReference; lastKnownFileType = sourcecode.swift; path = SideMenuView.swift; sourceTree = "<group>"; };
		5B888AC0291E86A8002C7458 /* SideMenuRowView.swift */ = {isa = PBXFileReference; lastKnownFileType = sourcecode.swift; path = SideMenuRowView.swift; sourceTree = "<group>"; };
		5B888AC2291E86BC002C7458 /* SideMenuViewModel.swift */ = {isa = PBXFileReference; lastKnownFileType = sourcecode.swift; path = SideMenuViewModel.swift; sourceTree = "<group>"; };
		5B888AC4291E8CEE002C7458 /* UserStatsView.swift */ = {isa = PBXFileReference; lastKnownFileType = sourcecode.swift; path = UserStatsView.swift; sourceTree = "<group>"; };
		5BEBC750292A43C100CD6630 /* CustomTextField.swift */ = {isa = PBXFileReference; lastKnownFileType = sourcecode.swift; path = CustomTextField.swift; sourceTree = "<group>"; };
		5BEBC753292A4F3400CD6630 /* AuthHeaderView.swift */ = {isa = PBXFileReference; lastKnownFileType = sourcecode.swift; path = AuthHeaderView.swift; sourceTree = "<group>"; };
		5BECDA07292779150021330F /* NewTweetView.swift */ = {isa = PBXFileReference; lastKnownFileType = sourcecode.swift; path = NewTweetView.swift; sourceTree = "<group>"; };
		5BECDA0929277FBD0021330F /* TextArea.swift */ = {isa = PBXFileReference; lastKnownFileType = sourcecode.swift; path = TextArea.swift; sourceTree = "<group>"; };
		5BECDA0E2927EBD10021330F /* LoginView.swift */ = {isa = PBXFileReference; lastKnownFileType = sourcecode.swift; path = LoginView.swift; sourceTree = "<group>"; };
		5BECDA102927EBE20021330F /* RegistrationView.swift */ = {isa = PBXFileReference; lastKnownFileType = sourcecode.swift; path = RegistrationView.swift; sourceTree = "<group>"; };
		5BECDA122927ED8E0021330F /* RoundedShape.swift */ = {isa = PBXFileReference; lastKnownFileType = sourcecode.swift; path = RoundedShape.swift; sourceTree = "<group>"; };
/* End PBXFileReference section */

/* Begin PBXFrameworksBuildPhase section */
		5B7EABD5290BA9F30000BCDF /* Frameworks */ = {
			isa = PBXFrameworksBuildPhase;
			buildActionMask = 2147483647;
			files = (
				5B1F525029305F0E004B0EB8 /* FirebaseAuth in Frameworks */,
				5B1F525629305F0E004B0EB8 /* FirebaseStorage in Frameworks */,
				5B1F525229305F0E004B0EB8 /* FirebaseFirestore in Frameworks */,
				5B1F525429305F0E004B0EB8 /* FirebaseFirestoreSwift in Frameworks */,
				5B70CB5C293DCF71008DA2F9 /* Kingfisher in Frameworks */,
			);
			runOnlyForDeploymentPostprocessing = 0;
		};
/* End PBXFrameworksBuildPhase section */

/* Begin PBXGroup section */
		5B1F525B2930AD3E004B0EB8 /* Utils */ = {
			isa = PBXGroup;
			children = (
				5B1F525C2930AD54004B0EB8 /* imagePicker.swift */,
			);
			path = Utils;
			sourceTree = "<group>";
		};
		5B4236ED291D49E900F647CD /* Users */ = {
			isa = PBXGroup;
			children = (
				5B4236EE291D49FA00F647CD /* UserRowView.swift */,
				5B888AC4291E8CEE002C7458 /* UserStatsView.swift */,
			);
			path = Users;
			sourceTree = "<group>";
		};
		5B70CB5D293DE36F008DA2F9 /* ViewModels */ = {
			isa = PBXGroup;
			children = (
				5B70CB5F293DE396008DA2F9 /* ExploreViewModel.swift */,
			);
			path = ViewModels;
			sourceTree = "<group>";
		};
		5B70CB5E293DE37C008DA2F9 /* Views */ = {
			isa = PBXGroup;
			children = (
				5B7EABFF290C1AF00000BCDF /* ExploreView.swift */,
			);
			path = Views;
			sourceTree = "<group>";
		};
		5B7EABCF290BA9F30000BCDF = {
			isa = PBXGroup;
			children = (
				5B7EABDA290BA9F30000BCDF /* twitterClone_SwiftUI */,
				5B7EABD9290BA9F30000BCDF /* Products */,
			);
			sourceTree = "<group>";
		};
		5B7EABD9290BA9F30000BCDF /* Products */ = {
			isa = PBXGroup;
			children = (
				5B7EABD8290BA9F30000BCDF /* twitterClone_SwiftUI.app */,
			);
			name = Products;
			sourceTree = "<group>";
		};
		5B7EABDA290BA9F30000BCDF /* twitterClone_SwiftUI */ = {
			isa = PBXGroup;
			children = (
				5B1F525B2930AD3E004B0EB8 /* Utils */,
				5B7EABEC290BAA200000BCDF /* Extentions */,
				5B7EABEB290BAA1E0000BCDF /* Model */,
				5B7EABEA290BAA1C0000BCDF /* Service */,
				5B7EABE9290BAA0E0000BCDF /* Core */,
				5B7EABDB290BA9F30000BCDF /* twitterClone_SwiftUIApp.swift */,
				5B7EABDD290BA9F30000BCDF /* ContentView.swift */,
				5B7EABDF290BA9F50000BCDF /* Assets.xcassets */,
				5B1F524C29305E9D004B0EB8 /* GoogleService-Info.plist */,
				5B7EABE1290BA9F50000BCDF /* Preview Content */,
			);
			path = twitterClone_SwiftUI;
			sourceTree = "<group>";
		};
		5B7EABE1290BA9F50000BCDF /* Preview Content */ = {
			isa = PBXGroup;
			children = (
				5B7EABE2290BA9F50000BCDF /* Preview Assets.xcassets */,
			);
			path = "Preview Content";
			sourceTree = "<group>";
		};
		5B7EABE9290BAA0E0000BCDF /* Core */ = {
			isa = PBXGroup;
			children = (
				5B7EABEE290BAA340000BCDF /* Components */,
				5BECDA0B2927EBB00021330F /* Authentication */,
				5BECDA03292778E00021330F /* UploadTweet */,
				5B888ABB291E865D002C7458 /* SideMenu */,
				5B7EABFE290C1AD00000BCDF /* Profile */,
				5B7EABFC290C1AAD0000BCDF /* Explore */,
				5B7EABFB290C1AAC0000BCDF /* Notifications */,
				5B7EABFA290C1AA70000BCDF /* Messages */,
				5B7EABF7290C19F20000BCDF /* MainTab */,
				5B7EABED290BAA320000BCDF /* Feed */,
			);
			path = Core;
			sourceTree = "<group>";
		};
		5B7EABEA290BAA1C0000BCDF /* Service */ = {
			isa = PBXGroup;
			children = (
				5B1F525E2930B596004B0EB8 /* ImageUploader.swift */,
				5B70CB56293DBDF7008DA2F9 /* UserService.swift */,
				5B70CB65293DFA7E008DA2F9 /* TweetService.swift */,
			);
			path = Service;
			sourceTree = "<group>";
		};
		5B7EABEB290BAA1E0000BCDF /* Model */ = {
			isa = PBXGroup;
			children = (
				5B70CB58293DC2EF008DA2F9 /* User.swift */,
			);
			path = Model;
			sourceTree = "<group>";
		};
		5B7EABEC290BAA200000BCDF /* Extentions */ = {
			isa = PBXGroup;
			children = (
			);
			path = Extentions;
			sourceTree = "<group>";
		};
		5B7EABED290BAA320000BCDF /* Feed */ = {
			isa = PBXGroup;
			children = (
				5B7EABF0290BAA7A0000BCDF /* ViewModels */,
				5B7EABEF290BAA780000BCDF /* View */,
			);
			path = Feed;
			sourceTree = "<group>";
		};
		5B7EABEE290BAA340000BCDF /* Components */ = {
			isa = PBXGroup;
			children = (
				5BEBC752292A4F1B00CD6630 /* Authentication */,
				5B4236ED291D49E900F647CD /* Users */,
				5B7EABF4290BAB740000BCDF /* Tweets */,
				5BECDA0929277FBD0021330F /* TextArea.swift */,
				5BECDA122927ED8E0021330F /* RoundedShape.swift */,
				5BEBC750292A43C100CD6630 /* CustomTextField.swift */,
				5B70CB63293DF51A008DA2F9 /* SearchBar.swift */,
			);
			path = Components;
			sourceTree = "<group>";
		};
		5B7EABEF290BAA780000BCDF /* View */ = {
			isa = PBXGroup;
			children = (
				5B7EABF1290BAA9B0000BCDF /* FeedView.swift */,
			);
			path = View;
			sourceTree = "<group>";
		};
		5B7EABF0290BAA7A0000BCDF /* ViewModels */ = {
			isa = PBXGroup;
			children = (
			);
			path = ViewModels;
			sourceTree = "<group>";
		};
		5B7EABF4290BAB740000BCDF /* Tweets */ = {
			isa = PBXGroup;
			children = (
				5B7EABF5290BAB950000BCDF /* TweetRowView.swift */,
			);
			path = Tweets;
			sourceTree = "<group>";
		};
		5B7EABF7290C19F20000BCDF /* MainTab */ = {
			isa = PBXGroup;
			children = (
				5B7EABF8290C1A060000BCDF /* MainTabView.swift */,
			);
			path = MainTab;
			sourceTree = "<group>";
		};
		5B7EABFA290C1AA70000BCDF /* Messages */ = {
			isa = PBXGroup;
			children = (
				5B7EAC03290C1B330000BCDF /* MessageView.swift */,
			);
			path = Messages;
			sourceTree = "<group>";
		};
		5B7EABFB290C1AAC0000BCDF /* Notifications */ = {
			isa = PBXGroup;
			children = (
				5B7EAC01290C1B0E0000BCDF /* NotificationView.swift */,
			);
			path = Notifications;
			sourceTree = "<group>";
		};
		5B7EABFC290C1AAD0000BCDF /* Explore */ = {
			isa = PBXGroup;
			children = (
				5B70CB5E293DE37C008DA2F9 /* Views */,
				5B70CB5D293DE36F008DA2F9 /* ViewModels */,
			);
			path = Explore;
			sourceTree = "<group>";
		};
		5B7EABFE290C1AD00000BCDF /* Profile */ = {
			isa = PBXGroup;
			children = (
				5B7EAC06290C1CA90000BCDF /* Views */,
				5B7EAC05290C1CA10000BCDF /* ViewModels */,
			);
			path = Profile;
			sourceTree = "<group>";
		};
		5B7EAC05290C1CA10000BCDF /* ViewModels */ = {
			isa = PBXGroup;
			children = (
				5B4236EB291D413800F647CD /* TweetFilterViewModel.swift */,
			);
			path = ViewModels;
			sourceTree = "<group>";
		};
		5B7EAC06290C1CA90000BCDF /* Views */ = {
			isa = PBXGroup;
			children = (
				5B7EAC07290C1CB50000BCDF /* ProfileView.swift */,
			);
			path = Views;
			sourceTree = "<group>";
		};
		5B888ABB291E865D002C7458 /* SideMenu */ = {
			isa = PBXGroup;
			children = (
				5B888ABD291E8678002C7458 /* Views */,
				5B888ABC291E866A002C7458 /* ViewModel */,
			);
			path = SideMenu;
			sourceTree = "<group>";
		};
		5B888ABC291E866A002C7458 /* ViewModel */ = {
			isa = PBXGroup;
			children = (
				5B888AC2291E86BC002C7458 /* SideMenuViewModel.swift */,
			);
			path = ViewModel;
			sourceTree = "<group>";
		};
		5B888ABD291E8678002C7458 /* Views */ = {
			isa = PBXGroup;
			children = (
				5B888ABE291E8697002C7458 /* SideMenuView.swift */,
				5B888AC0291E86A8002C7458 /* SideMenuRowView.swift */,
			);
			path = Views;
			sourceTree = "<group>";
		};
		5BEBC752292A4F1B00CD6630 /* Authentication */ = {
			isa = PBXGroup;
			children = (
				5BEBC753292A4F3400CD6630 /* AuthHeaderView.swift */,
			);
			path = Authentication;
			sourceTree = "<group>";
		};
		5BECDA03292778E00021330F /* UploadTweet */ = {
			isa = PBXGroup;
			children = (
				5BECDA05292778E40021330F /* ViewModels */,
				5BECDA04292778E40021330F /* Views */,
			);
			path = UploadTweet;
			sourceTree = "<group>";
		};
		5BECDA04292778E40021330F /* Views */ = {
			isa = PBXGroup;
			children = (
				5BECDA07292779150021330F /* NewTweetView.swift */,
			);
			path = Views;
			sourceTree = "<group>";
		};
		5BECDA05292778E40021330F /* ViewModels */ = {
			isa = PBXGroup;
			children = (
				5B70CB67293E13CF008DA2F9 /* UploadTweetViewModel.swift */,
			);
			path = ViewModels;
			sourceTree = "<group>";
		};
		5BECDA0B2927EBB00021330F /* Authentication */ = {
			isa = PBXGroup;
			children = (
				5BECDA0D2927EBC40021330F /* Views */,
				5BECDA0C2927EBBE0021330F /* ViewModel */,
			);
			path = Authentication;
			sourceTree = "<group>";
		};
		5BECDA0C2927EBBE0021330F /* ViewModel */ = {
			isa = PBXGroup;
			children = (
				5B1F52572930614E004B0EB8 /* AuthViewModel.swift */,
			);
			path = ViewModel;
			sourceTree = "<group>";
		};
		5BECDA0D2927EBC40021330F /* Views */ = {
			isa = PBXGroup;
			children = (
				5BECDA0E2927EBD10021330F /* LoginView.swift */,
				5BECDA102927EBE20021330F /* RegistrationView.swift */,
				5B1F52592930A617004B0EB8 /* ProfilePhotoSelectorView.swift */,
			);
			path = Views;
			sourceTree = "<group>";
		};
/* End PBXGroup section */

/* Begin PBXNativeTarget section */
		5B7EABD7290BA9F30000BCDF /* twitterClone_SwiftUI */ = {
			isa = PBXNativeTarget;
			buildConfigurationList = 5B7EABE6290BA9F50000BCDF /* Build configuration list for PBXNativeTarget "twitterClone_SwiftUI" */;
			buildPhases = (
				5B7EABD4290BA9F30000BCDF /* Sources */,
				5B7EABD5290BA9F30000BCDF /* Frameworks */,
				5B7EABD6290BA9F30000BCDF /* Resources */,
			);
			buildRules = (
			);
			dependencies = (
			);
			name = twitterClone_SwiftUI;
			packageProductDependencies = (
				5B1F524F29305F0E004B0EB8 /* FirebaseAuth */,
				5B1F525129305F0E004B0EB8 /* FirebaseFirestore */,
				5B1F525329305F0E004B0EB8 /* FirebaseFirestoreSwift */,
				5B1F525529305F0E004B0EB8 /* FirebaseStorage */,
				5B70CB5B293DCF71008DA2F9 /* Kingfisher */,
			);
			productName = twitterClone_SwiftUI;
			productReference = 5B7EABD8290BA9F30000BCDF /* twitterClone_SwiftUI.app */;
			productType = "com.apple.product-type.application";
		};
/* End PBXNativeTarget section */

/* Begin PBXProject section */
		5B7EABD0290BA9F30000BCDF /* Project object */ = {
			isa = PBXProject;
			attributes = {
				BuildIndependentTargetsInParallel = 1;
				LastSwiftUpdateCheck = 1400;
				LastUpgradeCheck = 1400;
				TargetAttributes = {
					5B7EABD7290BA9F30000BCDF = {
						CreatedOnToolsVersion = 14.0.1;
					};
				};
			};
			buildConfigurationList = 5B7EABD3290BA9F30000BCDF /* Build configuration list for PBXProject "twitterClone_SwiftUI" */;
			compatibilityVersion = "Xcode 14.0";
			developmentRegion = en;
			hasScannedForEncodings = 0;
			knownRegions = (
				en,
				Base,
			);
			mainGroup = 5B7EABCF290BA9F30000BCDF;
			packageReferences = (
				5B1F524E29305F0E004B0EB8 /* XCRemoteSwiftPackageReference "firebase-ios-sdk" */,
				5B70CB5A293DCF71008DA2F9 /* XCRemoteSwiftPackageReference "Kingfisher" */,
			);
			productRefGroup = 5B7EABD9290BA9F30000BCDF /* Products */;
			projectDirPath = "";
			projectRoot = "";
			targets = (
				5B7EABD7290BA9F30000BCDF /* twitterClone_SwiftUI */,
			);
		};
/* End PBXProject section */

/* Begin PBXResourcesBuildPhase section */
		5B7EABD6290BA9F30000BCDF /* Resources */ = {
			isa = PBXResourcesBuildPhase;
			buildActionMask = 2147483647;
			files = (
				5B7EABE3290BA9F50000BCDF /* Preview Assets.xcassets in Resources */,
				5B7EABE0290BA9F50000BCDF /* Assets.xcassets in Resources */,
				5B1F524D29305E9D004B0EB8 /* GoogleService-Info.plist in Resources */,
			);
			runOnlyForDeploymentPostprocessing = 0;
		};
/* End PBXResourcesBuildPhase section */

/* Begin PBXSourcesBuildPhase section */
		5B7EABD4290BA9F30000BCDF /* Sources */ = {
			isa = PBXSourcesBuildPhase;
			buildActionMask = 2147483647;
			files = (
				5B7EABDE290BA9F30000BCDF /* ContentView.swift in Sources */,
				5B7EAC08290C1CB50000BCDF /* ProfileView.swift in Sources */,
				5B70CB57293DBDF7008DA2F9 /* UserService.swift in Sources */,
				5B7EABDC290BA9F30000BCDF /* twitterClone_SwiftUIApp.swift in Sources */,
				5B888AC1291E86A8002C7458 /* SideMenuRowView.swift in Sources */,
				5B7EAC02290C1B0E0000BCDF /* NotificationView.swift in Sources */,
				5B1F525F2930B596004B0EB8 /* ImageUploader.swift in Sources */,
				5B4236EC291D413800F647CD /* TweetFilterViewModel.swift in Sources */,
				5B7EABF6290BAB950000BCDF /* TweetRowView.swift in Sources */,
				5B1F525D2930AD54004B0EB8 /* imagePicker.swift in Sources */,
				5B888ABF291E8697002C7458 /* SideMenuView.swift in Sources */,
				5B1F525A2930A617004B0EB8 /* ProfilePhotoSelectorView.swift in Sources */,
				5B70CB60293DE396008DA2F9 /* ExploreViewModel.swift in Sources */,
				5B7EAC04290C1B330000BCDF /* MessageView.swift in Sources */,
				5B7EABF2290BAA9B0000BCDF /* FeedView.swift in Sources */,
				5B70CB68293E13CF008DA2F9 /* UploadTweetViewModel.swift in Sources */,
				5B70CB66293DFA7E008DA2F9 /* TweetService.swift in Sources */,
				5BECDA0A29277FBD0021330F /* TextArea.swift in Sources */,
				5B888AC3291E86BC002C7458 /* SideMenuViewModel.swift in Sources */,
				5B70CB64293DF51A008DA2F9 /* SearchBar.swift in Sources */,
				5BECDA0F2927EBD10021330F /* LoginView.swift in Sources */,
				5BECDA112927EBE20021330F /* RegistrationView.swift in Sources */,
				5BECDA08292779150021330F /* NewTweetView.swift in Sources */,
				5BECDA132927ED8E0021330F /* RoundedShape.swift in Sources */,
				5B70CB59293DC2EF008DA2F9 /* User.swift in Sources */,
				5BEBC754292A4F3400CD6630 /* AuthHeaderView.swift in Sources */,
				5B1F52582930614E004B0EB8 /* AuthViewModel.swift in Sources */,
				5B4236EF291D49FA00F647CD /* UserRowView.swift in Sources */,
				5BEBC751292A43C100CD6630 /* CustomTextField.swift in Sources */,
				5B7EAC00290C1AF00000BCDF /* ExploreView.swift in Sources */,
				5B7EABF9290C1A060000BCDF /* MainTabView.swift in Sources */,
				5B888AC5291E8CEE002C7458 /* UserStatsView.swift in Sources */,
			);
			runOnlyForDeploymentPostprocessing = 0;
		};
/* End PBXSourcesBuildPhase section */

/* Begin XCBuildConfiguration section */
		5B7EABE4290BA9F50000BCDF /* Debug */ = {
			isa = XCBuildConfiguration;
			buildSettings = {
				ALWAYS_SEARCH_USER_PATHS = NO;
				CLANG_ANALYZER_NONNULL = YES;
				CLANG_ANALYZER_NUMBER_OBJECT_CONVERSION = YES_AGGRESSIVE;
				CLANG_CXX_LANGUAGE_STANDARD = "gnu++20";
				CLANG_ENABLE_MODULES = YES;
				CLANG_ENABLE_OBJC_ARC = YES;
				CLANG_ENABLE_OBJC_WEAK = YES;
				CLANG_WARN_BLOCK_CAPTURE_AUTORELEASING = YES;
				CLANG_WARN_BOOL_CONVERSION = YES;
				CLANG_WARN_COMMA = YES;
				CLANG_WARN_CONSTANT_CONVERSION = YES;
				CLANG_WARN_DEPRECATED_OBJC_IMPLEMENTATIONS = YES;
				CLANG_WARN_DIRECT_OBJC_ISA_USAGE = YES_ERROR;
				CLANG_WARN_DOCUMENTATION_COMMENTS = YES;
				CLANG_WARN_EMPTY_BODY = YES;
				CLANG_WARN_ENUM_CONVERSION = YES;
				CLANG_WARN_INFINITE_RECURSION = YES;
				CLANG_WARN_INT_CONVERSION = YES;
				CLANG_WARN_NON_LITERAL_NULL_CONVERSION = YES;
				CLANG_WARN_OBJC_IMPLICIT_RETAIN_SELF = YES;
				CLANG_WARN_OBJC_LITERAL_CONVERSION = YES;
				CLANG_WARN_OBJC_ROOT_CLASS = YES_ERROR;
				CLANG_WARN_QUOTED_INCLUDE_IN_FRAMEWORK_HEADER = YES;
				CLANG_WARN_RANGE_LOOP_ANALYSIS = YES;
				CLANG_WARN_STRICT_PROTOTYPES = YES;
				CLANG_WARN_SUSPICIOUS_MOVE = YES;
				CLANG_WARN_UNGUARDED_AVAILABILITY = YES_AGGRESSIVE;
				CLANG_WARN_UNREACHABLE_CODE = YES;
				CLANG_WARN__DUPLICATE_METHOD_MATCH = YES;
				COPY_PHASE_STRIP = NO;
				DEBUG_INFORMATION_FORMAT = dwarf;
				ENABLE_STRICT_OBJC_MSGSEND = YES;
				ENABLE_TESTABILITY = YES;
				GCC_C_LANGUAGE_STANDARD = gnu11;
				GCC_DYNAMIC_NO_PIC = NO;
				GCC_NO_COMMON_BLOCKS = YES;
				GCC_OPTIMIZATION_LEVEL = 0;
				GCC_PREPROCESSOR_DEFINITIONS = (
					"DEBUG=1",
					"$(inherited)",
				);
				GCC_WARN_64_TO_32_BIT_CONVERSION = YES;
				GCC_WARN_ABOUT_RETURN_TYPE = YES_ERROR;
				GCC_WARN_UNDECLARED_SELECTOR = YES;
				GCC_WARN_UNINITIALIZED_AUTOS = YES_AGGRESSIVE;
				GCC_WARN_UNUSED_FUNCTION = YES;
				GCC_WARN_UNUSED_VARIABLE = YES;
				IPHONEOS_DEPLOYMENT_TARGET = 16.0;
				MTL_ENABLE_DEBUG_INFO = INCLUDE_SOURCE;
				MTL_FAST_MATH = YES;
				ONLY_ACTIVE_ARCH = YES;
				SDKROOT = iphoneos;
				SWIFT_ACTIVE_COMPILATION_CONDITIONS = DEBUG;
				SWIFT_OPTIMIZATION_LEVEL = "-Onone";
			};
			name = Debug;
		};
		5B7EABE5290BA9F50000BCDF /* Release */ = {
			isa = XCBuildConfiguration;
			buildSettings = {
				ALWAYS_SEARCH_USER_PATHS = NO;
				CLANG_ANALYZER_NONNULL = YES;
				CLANG_ANALYZER_NUMBER_OBJECT_CONVERSION = YES_AGGRESSIVE;
				CLANG_CXX_LANGUAGE_STANDARD = "gnu++20";
				CLANG_ENABLE_MODULES = YES;
				CLANG_ENABLE_OBJC_ARC = YES;
				CLANG_ENABLE_OBJC_WEAK = YES;
				CLANG_WARN_BLOCK_CAPTURE_AUTORELEASING = YES;
				CLANG_WARN_BOOL_CONVERSION = YES;
				CLANG_WARN_COMMA = YES;
				CLANG_WARN_CONSTANT_CONVERSION = YES;
				CLANG_WARN_DEPRECATED_OBJC_IMPLEMENTATIONS = YES;
				CLANG_WARN_DIRECT_OBJC_ISA_USAGE = YES_ERROR;
				CLANG_WARN_DOCUMENTATION_COMMENTS = YES;
				CLANG_WARN_EMPTY_BODY = YES;
				CLANG_WARN_ENUM_CONVERSION = YES;
				CLANG_WARN_INFINITE_RECURSION = YES;
				CLANG_WARN_INT_CONVERSION = YES;
				CLANG_WARN_NON_LITERAL_NULL_CONVERSION = YES;
				CLANG_WARN_OBJC_IMPLICIT_RETAIN_SELF = YES;
				CLANG_WARN_OBJC_LITERAL_CONVERSION = YES;
				CLANG_WARN_OBJC_ROOT_CLASS = YES_ERROR;
				CLANG_WARN_QUOTED_INCLUDE_IN_FRAMEWORK_HEADER = YES;
				CLANG_WARN_RANGE_LOOP_ANALYSIS = YES;
				CLANG_WARN_STRICT_PROTOTYPES = YES;
				CLANG_WARN_SUSPICIOUS_MOVE = YES;
				CLANG_WARN_UNGUARDED_AVAILABILITY = YES_AGGRESSIVE;
				CLANG_WARN_UNREACHABLE_CODE = YES;
				CLANG_WARN__DUPLICATE_METHOD_MATCH = YES;
				COPY_PHASE_STRIP = NO;
				DEBUG_INFORMATION_FORMAT = "dwarf-with-dsym";
				ENABLE_NS_ASSERTIONS = NO;
				ENABLE_STRICT_OBJC_MSGSEND = YES;
				GCC_C_LANGUAGE_STANDARD = gnu11;
				GCC_NO_COMMON_BLOCKS = YES;
				GCC_WARN_64_TO_32_BIT_CONVERSION = YES;
				GCC_WARN_ABOUT_RETURN_TYPE = YES_ERROR;
				GCC_WARN_UNDECLARED_SELECTOR = YES;
				GCC_WARN_UNINITIALIZED_AUTOS = YES_AGGRESSIVE;
				GCC_WARN_UNUSED_FUNCTION = YES;
				GCC_WARN_UNUSED_VARIABLE = YES;
				IPHONEOS_DEPLOYMENT_TARGET = 16.0;
				MTL_ENABLE_DEBUG_INFO = NO;
				MTL_FAST_MATH = YES;
				SDKROOT = iphoneos;
				SWIFT_COMPILATION_MODE = wholemodule;
				SWIFT_OPTIMIZATION_LEVEL = "-O";
				VALIDATE_PRODUCT = YES;
			};
			name = Release;
		};
		5B7EABE7290BA9F50000BCDF /* Debug */ = {
			isa = XCBuildConfiguration;
			buildSettings = {
				ASSETCATALOG_COMPILER_APPICON_NAME = AppIcon;
				ASSETCATALOG_COMPILER_GLOBAL_ACCENT_COLOR_NAME = AccentColor;
				CODE_SIGN_STYLE = Automatic;
				CURRENT_PROJECT_VERSION = 1;
				DEVELOPMENT_ASSET_PATHS = "\"twitterClone_SwiftUI/Preview Content\"";
				DEVELOPMENT_TEAM = 3P68S4MN54;
				ENABLE_PREVIEWS = YES;
				GENERATE_INFOPLIST_FILE = YES;
				INFOPLIST_KEY_UIApplicationSceneManifest_Generation = YES;
				INFOPLIST_KEY_UIApplicationSupportsIndirectInputEvents = YES;
				INFOPLIST_KEY_UILaunchScreen_Generation = YES;
				INFOPLIST_KEY_UISupportedInterfaceOrientations_iPad = "UIInterfaceOrientationPortrait UIInterfaceOrientationPortraitUpsideDown UIInterfaceOrientationLandscapeLeft UIInterfaceOrientationLandscapeRight";
				INFOPLIST_KEY_UISupportedInterfaceOrientations_iPhone = "UIInterfaceOrientationPortrait UIInterfaceOrientationLandscapeLeft UIInterfaceOrientationLandscapeRight";
				LD_RUNPATH_SEARCH_PATHS = (
					"$(inherited)",
					"@executable_path/Frameworks",
				);
				MARKETING_VERSION = 1.0;
				PRODUCT_BUNDLE_IDENTIFIER = "page.chillog.twitterClone-SwiftUI";
				PRODUCT_NAME = "$(TARGET_NAME)";
				SWIFT_EMIT_LOC_STRINGS = YES;
				SWIFT_VERSION = 5.0;
				TARGETED_DEVICE_FAMILY = "1,2";
			};
			name = Debug;
		};
		5B7EABE8290BA9F50000BCDF /* Release */ = {
			isa = XCBuildConfiguration;
			buildSettings = {
				ASSETCATALOG_COMPILER_APPICON_NAME = AppIcon;
				ASSETCATALOG_COMPILER_GLOBAL_ACCENT_COLOR_NAME = AccentColor;
				CODE_SIGN_STYLE = Automatic;
				CURRENT_PROJECT_VERSION = 1;
				DEVELOPMENT_ASSET_PATHS = "\"twitterClone_SwiftUI/Preview Content\"";
				DEVELOPMENT_TEAM = 3P68S4MN54;
				ENABLE_PREVIEWS = YES;
				GENERATE_INFOPLIST_FILE = YES;
				INFOPLIST_KEY_UIApplicationSceneManifest_Generation = YES;
				INFOPLIST_KEY_UIApplicationSupportsIndirectInputEvents = YES;
				INFOPLIST_KEY_UILaunchScreen_Generation = YES;
				INFOPLIST_KEY_UISupportedInterfaceOrientations_iPad = "UIInterfaceOrientationPortrait UIInterfaceOrientationPortraitUpsideDown UIInterfaceOrientationLandscapeLeft UIInterfaceOrientationLandscapeRight";
				INFOPLIST_KEY_UISupportedInterfaceOrientations_iPhone = "UIInterfaceOrientationPortrait UIInterfaceOrientationLandscapeLeft UIInterfaceOrientationLandscapeRight";
				LD_RUNPATH_SEARCH_PATHS = (
					"$(inherited)",
					"@executable_path/Frameworks",
				);
				MARKETING_VERSION = 1.0;
				PRODUCT_BUNDLE_IDENTIFIER = "page.chillog.twitterClone-SwiftUI";
				PRODUCT_NAME = "$(TARGET_NAME)";
				SWIFT_EMIT_LOC_STRINGS = YES;
				SWIFT_VERSION = 5.0;
				TARGETED_DEVICE_FAMILY = "1,2";
			};
			name = Release;
		};
/* End XCBuildConfiguration section */

/* Begin XCConfigurationList section */
		5B7EABD3290BA9F30000BCDF /* Build configuration list for PBXProject "twitterClone_SwiftUI" */ = {
			isa = XCConfigurationList;
			buildConfigurations = (
				5B7EABE4290BA9F50000BCDF /* Debug */,
				5B7EABE5290BA9F50000BCDF /* Release */,
			);
			defaultConfigurationIsVisible = 0;
			defaultConfigurationName = Release;
		};
		5B7EABE6290BA9F50000BCDF /* Build configuration list for PBXNativeTarget "twitterClone_SwiftUI" */ = {
			isa = XCConfigurationList;
			buildConfigurations = (
				5B7EABE7290BA9F50000BCDF /* Debug */,
				5B7EABE8290BA9F50000BCDF /* Release */,
			);
			defaultConfigurationIsVisible = 0;
			defaultConfigurationName = Release;
		};
/* End XCConfigurationList section */

/* Begin XCRemoteSwiftPackageReference section */
		5B1F524E29305F0E004B0EB8 /* XCRemoteSwiftPackageReference "firebase-ios-sdk" */ = {
			isa = XCRemoteSwiftPackageReference;
			repositoryURL = "https://github.com/firebase/firebase-ios-sdk";
			requirement = {
				branch = master;
				kind = branch;
			};
		};
		5B70CB5A293DCF71008DA2F9 /* XCRemoteSwiftPackageReference "Kingfisher" */ = {
			isa = XCRemoteSwiftPackageReference;
			repositoryURL = "https://github.com/onevcat/Kingfisher.git";
			requirement = {
				branch = master;
				kind = branch;
			};
		};
/* End XCRemoteSwiftPackageReference section */

/* Begin XCSwiftPackageProductDependency section */
		5B1F524F29305F0E004B0EB8 /* FirebaseAuth */ = {
			isa = XCSwiftPackageProductDependency;
			package = 5B1F524E29305F0E004B0EB8 /* XCRemoteSwiftPackageReference "firebase-ios-sdk" */;
			productName = FirebaseAuth;
		};
		5B1F525129305F0E004B0EB8 /* FirebaseFirestore */ = {
			isa = XCSwiftPackageProductDependency;
			package = 5B1F524E29305F0E004B0EB8 /* XCRemoteSwiftPackageReference "firebase-ios-sdk" */;
			productName = FirebaseFirestore;
		};
		5B1F525329305F0E004B0EB8 /* FirebaseFirestoreSwift */ = {
			isa = XCSwiftPackageProductDependency;
			package = 5B1F524E29305F0E004B0EB8 /* XCRemoteSwiftPackageReference "firebase-ios-sdk" */;
			productName = FirebaseFirestoreSwift;
		};
		5B1F525529305F0E004B0EB8 /* FirebaseStorage */ = {
			isa = XCSwiftPackageProductDependency;
			package = 5B1F524E29305F0E004B0EB8 /* XCRemoteSwiftPackageReference "firebase-ios-sdk" */;
			productName = FirebaseStorage;
		};
		5B70CB5B293DCF71008DA2F9 /* Kingfisher */ = {
			isa = XCSwiftPackageProductDependency;
			package = 5B70CB5A293DCF71008DA2F9 /* XCRemoteSwiftPackageReference "Kingfisher" */;
			productName = Kingfisher;
		};
/* End XCSwiftPackageProductDependency section */
	};
	rootObject = 5B7EABD0290BA9F30000BCDF /* Project object */;
}
